
Microsoft Visual Studio Solution File, Format Version 12.00
# Visual Studio Version 17
VisualStudioVersion = 17.3.32819.101
MinimumVisualStudioVersion = 10.0.40219.1
Project("{FAE04EC0-301F-11D3-BF4B-00C04F79EFBC}") = "arreglos", "arreglos.csproj", "{00373275-14BD-428B-89AC-7120E11271ED}"
EndProject
Global
	GlobalSection(SolutionConfigurationPlatforms) = preSolution
		Debug|Any CPU = Debug|Any CPU
		Release|Any CPU = Release|Any CPU
	EndGlobalSection
	GlobalSection(ProjectConfigurationPlatforms) = postSolution
		{00373275-14BD-428B-89AC-7120E11271ED}.Debug|Any CPU.ActiveCfg = Debug|Any CPU
		{00373275-14BD-428B-89AC-7120E11271ED}.Debug|Any CPU.Build.0 = Debug|Any CPU
		{00373275-14BD-428B-89AC-7120E11271ED}.Release|Any CPU.ActiveCfg = Release|Any CPU
		{00373275-14BD-428B-89AC-7120E11271ED}.Release|Any CPU.Build.0 = Release|Any CPU
	EndGlobalSection
	GlobalSection(SolutionProperties) = preSolution
		HideSolutionNode = FALSE
	EndGlobalSection
	GlobalSection(ExtensibilityGlobals) = postSolution
		SolutionGuid = {046F7D95-53A7-4F72-B9D7-1D84B20BBAA6}
	EndGlobalSection
EndGlobal
